
Microsoft Visual Studio Solution File, Format Version 12.00
# Visual Studio Version 17
VisualStudioVersion = 17.8.34330.188
MinimumVisualStudioVersion = 10.0.40219.1
Project("{FAE04EC0-301F-11D3-BF4B-00C04F79EFBC}") = "DispositivosEletronicos", "DispositivosEletronicos\DispositivosEletronicos.csproj", "{A4CAED7A-1518-4CC3-B503-27FB69BAFCA3}"
EndProject
Global
	GlobalSection(SolutionConfigurationPlatforms) = preSolution
		Debug|Any CPU = Debug|Any CPU
		Release|Any CPU = Release|Any CPU
	EndGlobalSection
	GlobalSection(ProjectConfigurationPlatforms) = postSolution
		{A4CAED7A-1518-4CC3-B503-27FB69BAFCA3}.Debug|Any CPU.ActiveCfg = Debug|Any CPU
		{A4CAED7A-1518-4CC3-B503-27FB69BAFCA3}.Debug|Any CPU.Build.0 = Debug|Any CPU
		{A4CAED7A-1518-4CC3-B503-27FB69BAFCA3}.Release|Any CPU.ActiveCfg = Release|Any CPU
		{A4CAED7A-1518-4CC3-B503-27FB69BAFCA3}.Release|Any CPU.Build.0 = Release|Any CPU
	EndGlobalSection
	GlobalSection(SolutionProperties) = preSolution
		HideSolutionNode = FALSE
	EndGlobalSection
	GlobalSection(ExtensibilityGlobals) = postSolution
		SolutionGuid = {25ACA691-2ABA-4865-B731-6B4A185965B5}
	EndGlobalSection
EndGlobal
